
Microsoft Visual Studio Solution File, Format Version 12.00
# Visual Studio Version 17
VisualStudioVersion = 17.13.36105.23 d17.13
MinimumVisualStudioVersion = 10.0.40219.1
Project("{2150E333-8FDC-42A3-9474-1A3956D46DE8}") = "WebApi", "WebApi", "{AC8BA81A-ED94-4AB8-8A3F-D2A1D7E38E6B}"
EndProject
Project("{2150E333-8FDC-42A3-9474-1A3956D46DE8}") = "Core", "Core", "{6780F143-F54A-498A-BD9C-3D02206F7303}"
EndProject
Project("{9A19103F-16F7-4668-BE54-9A1E7A4F7556}") = "DClean.Application", "DClean\DClean.Application\DClean.Application.csproj", "{CF4B907F-4AD3-4507-A743-BF403155B6AA}"
EndProject
Project("{9A19103F-16F7-4668-BE54-9A1E7A4F7556}") = "DClean.Domain", "DClean\DClean.Domain\DClean.Domain.csproj", "{DFE34AD9-9780-46BF-9012-A3FBCF7E06C1}"
EndProject
Project("{2150E333-8FDC-42A3-9474-1A3956D46DE8}") = "Infrastructure", "Infrastructure", "{A62DCB73-BE77-498E-BC8B-BA17C7174963}"
EndProject
Project("{9A19103F-16F7-4668-BE54-9A1E7A4F7556}") = "DClean.Infrastructure.Shared", "DClean\DClean.Infrastructure.Shared\DClean.Infrastructure.Shared.csproj", "{C7B1A286-54B2-4338-959B-D4C237BCF2D4}"
EndProject
Project("{9A19103F-16F7-4668-BE54-9A1E7A4F7556}") = "DClean.WebApi", "DClean\DClean.WebApi\DClean.WebApi.csproj", "{117ADC1F-C2E1-46CB-93E1-4D573189503D}"
EndProject
Project("{9A19103F-16F7-4668-BE54-9A1E7A4F7556}") = "DClean.Infrastructure.Common", "DClean\DClean.Infrastructure.Common\DClean.Infrastructure.Common.csproj", "{0D177AEC-37F7-417A-A427-23029F6AE436}"
EndProject
Project("{9A19103F-16F7-4668-BE54-9A1E7A4F7556}") = "DClean.Infrastructure.Persistence", "DClean\DClean.Infrastructure.Persistence\DClean.Infrastructure.Persistence.csproj", "{E18F86EF-EACE-4B52-8F14-AAF76589F0B7}"
EndProject
Project("{2150E333-8FDC-42A3-9474-1A3956D46DE8}") = "Tests", "Tests", "{2A2EFC06-1D30-4DD5-A7E1-DEFC2FBA449B}"
EndProject
Project("{9A19103F-16F7-4668-BE54-9A1E7A4F7556}") = "InfraStructure.Presistance.Tests", "InfraStructure.Presistance.Tests\InfraStructure.Presistance.Tests.csproj", "{9078B501-962D-4D06-884B-2E8456CA561A}"
EndProject
Global
	GlobalSection(SolutionConfigurationPlatforms) = preSolution
		Debug|Any CPU = Debug|Any CPU
		Release|Any CPU = Release|Any CPU
		Staging|Any CPU = Staging|Any CPU
	EndGlobalSection
	GlobalSection(ProjectConfigurationPlatforms) = postSolution
		{CF4B907F-4AD3-4507-A743-BF403155B6AA}.Debug|Any CPU.ActiveCfg = Debug|Any CPU
		{CF4B907F-4AD3-4507-A743-BF403155B6AA}.Debug|Any CPU.Build.0 = Debug|Any CPU
		{CF4B907F-4AD3-4507-A743-BF403155B6AA}.Release|Any CPU.ActiveCfg = Release|Any CPU
		{CF4B907F-4AD3-4507-A743-BF403155B6AA}.Release|Any CPU.Build.0 = Release|Any CPU
		{CF4B907F-4AD3-4507-A743-BF403155B6AA}.Staging|Any CPU.ActiveCfg = Release|Any CPU
		{CF4B907F-4AD3-4507-A743-BF403155B6AA}.Staging|Any CPU.Build.0 = Release|Any CPU
		{DFE34AD9-9780-46BF-9012-A3FBCF7E06C1}.Debug|Any CPU.ActiveCfg = Debug|Any CPU
		{DFE34AD9-9780-46BF-9012-A3FBCF7E06C1}.Debug|Any CPU.Build.0 = Debug|Any CPU
		{DFE34AD9-9780-46BF-9012-A3FBCF7E06C1}.Release|Any CPU.ActiveCfg = Release|Any CPU
		{DFE34AD9-9780-46BF-9012-A3FBCF7E06C1}.Release|Any CPU.Build.0 = Release|Any CPU
		{DFE34AD9-9780-46BF-9012-A3FBCF7E06C1}.Staging|Any CPU.ActiveCfg = Release|Any CPU
		{DFE34AD9-9780-46BF-9012-A3FBCF7E06C1}.Staging|Any CPU.Build.0 = Release|Any CPU
		{C7B1A286-54B2-4338-959B-D4C237BCF2D4}.Debug|Any CPU.ActiveCfg = Debug|Any CPU
		{C7B1A286-54B2-4338-959B-D4C237BCF2D4}.Debug|Any CPU.Build.0 = Debug|Any CPU
		{C7B1A286-54B2-4338-959B-D4C237BCF2D4}.Release|Any CPU.ActiveCfg = Release|Any CPU
		{C7B1A286-54B2-4338-959B-D4C237BCF2D4}.Release|Any CPU.Build.0 = Release|Any CPU
		{C7B1A286-54B2-4338-959B-D4C237BCF2D4}.Staging|Any CPU.ActiveCfg = Release|Any CPU
		{C7B1A286-54B2-4338-959B-D4C237BCF2D4}.Staging|Any CPU.Build.0 = Release|Any CPU
		{117ADC1F-C2E1-46CB-93E1-4D573189503D}.Debug|Any CPU.ActiveCfg = Debug|Any CPU
		{117ADC1F-C2E1-46CB-93E1-4D573189503D}.Debug|Any CPU.Build.0 = Debug|Any CPU
		{117ADC1F-C2E1-46CB-93E1-4D573189503D}.Release|Any CPU.ActiveCfg = Release|Any CPU
		{117ADC1F-C2E1-46CB-93E1-4D573189503D}.Release|Any CPU.Build.0 = Release|Any CPU
		{117ADC1F-C2E1-46CB-93E1-4D573189503D}.Staging|Any CPU.ActiveCfg = Staging|Any CPU
		{117ADC1F-C2E1-46CB-93E1-4D573189503D}.Staging|Any CPU.Build.0 = Staging|Any CPU
		{0D177AEC-37F7-417A-A427-23029F6AE436}.Debug|Any CPU.ActiveCfg = Debug|Any CPU
		{0D177AEC-37F7-417A-A427-23029F6AE436}.Debug|Any CPU.Build.0 = Debug|Any CPU
		{0D177AEC-37F7-417A-A427-23029F6AE436}.Release|Any CPU.ActiveCfg = Release|Any CPU
		{0D177AEC-37F7-417A-A427-23029F6AE436}.Release|Any CPU.Build.0 = Release|Any CPU
		{0D177AEC-37F7-417A-A427-23029F6AE436}.Staging|Any CPU.ActiveCfg = Release|Any CPU
		{0D177AEC-37F7-417A-A427-23029F6AE436}.Staging|Any CPU.Build.0 = Release|Any CPU
		{E18F86EF-EACE-4B52-8F14-AAF76589F0B7}.Debug|Any CPU.ActiveCfg = Debug|Any CPU
		{E18F86EF-EACE-4B52-8F14-AAF76589F0B7}.Debug|Any CPU.Build.0 = Debug|Any CPU
		{E18F86EF-EACE-4B52-8F14-AAF76589F0B7}.Release|Any CPU.ActiveCfg = Release|Any CPU
		{E18F86EF-EACE-4B52-8F14-AAF76589F0B7}.Release|Any CPU.Build.0 = Release|Any CPU
		{E18F86EF-EACE-4B52-8F14-AAF76589F0B7}.Staging|Any CPU.ActiveCfg = Release|Any CPU
		{E18F86EF-EACE-4B52-8F14-AAF76589F0B7}.Staging|Any CPU.Build.0 = Release|Any CPU
		{9078B501-962D-4D06-884B-2E8456CA561A}.Debug|Any CPU.ActiveCfg = Debug|Any CPU
		{9078B501-962D-4D06-884B-2E8456CA561A}.Debug|Any CPU.Build.0 = Debug|Any CPU
		{9078B501-962D-4D06-884B-2E8456CA561A}.Release|Any CPU.ActiveCfg = Release|Any CPU
		{9078B501-962D-4D06-884B-2E8456CA561A}.Release|Any CPU.Build.0 = Release|Any CPU
		{9078B501-962D-4D06-884B-2E8456CA561A}.Staging|Any CPU.ActiveCfg = Debug|Any CPU
		{9078B501-962D-4D06-884B-2E8456CA561A}.Staging|Any CPU.Build.0 = Debug|Any CPU
	EndGlobalSection
	GlobalSection(SolutionProperties) = preSolution
		HideSolutionNode = FALSE
	EndGlobalSection
	GlobalSection(NestedProjects) = preSolution
		{CF4B907F-4AD3-4507-A743-BF403155B6AA} = {6780F143-F54A-498A-BD9C-3D02206F7303}
		{DFE34AD9-9780-46BF-9012-A3FBCF7E06C1} = {6780F143-F54A-498A-BD9C-3D02206F7303}
		{C7B1A286-54B2-4338-959B-D4C237BCF2D4} = {A62DCB73-BE77-498E-BC8B-BA17C7174963}
		{117ADC1F-C2E1-46CB-93E1-4D573189503D} = {AC8BA81A-ED94-4AB8-8A3F-D2A1D7E38E6B}
		{0D177AEC-37F7-417A-A427-23029F6AE436} = {A62DCB73-BE77-498E-BC8B-BA17C7174963}
		{E18F86EF-EACE-4B52-8F14-AAF76589F0B7} = {A62DCB73-BE77-498E-BC8B-BA17C7174963}
		{9078B501-962D-4D06-884B-2E8456CA561A} = {2A2EFC06-1D30-4DD5-A7E1-DEFC2FBA449B}
	EndGlobalSection
	GlobalSection(ExtensibilityGlobals) = postSolution
		SolutionGuid = {7805CE49-2A6F-4CD5-96B4-1465FC3A98EA}
	EndGlobalSection
EndGlobal
